
Microsoft Visual Studio Solution File, Format Version 12.00
# Visual Studio Version 17
VisualStudioVersion = 17.0.31903.59
MinimumVisualStudioVersion = 10.0.40219.1
Project("{F2A71F9B-5D33-465A-A702-920D77279786}") = "EvenNumbers", "EvenNumbers\EvenNumbers.fsproj", "{41E9D4AD-D53A-4DED-B598-57FD04783391}"
EndProject
Project("{F2A71F9B-5D33-465A-A702-920D77279786}") = "EvenNumbers.Tests", "EvenNumbers.Tests\EvenNumbers.Tests.fsproj", "{7F302956-63DA-4354-AF1F-065244CC8ED7}"
EndProject
Global
	GlobalSection(SolutionConfigurationPlatforms) = preSolution
		Debug|Any CPU = Debug|Any CPU
		Debug|x64 = Debug|x64
		Debug|x86 = Debug|x86
		Release|Any CPU = Release|Any CPU
		Release|x64 = Release|x64
		Release|x86 = Release|x86
	EndGlobalSection
	GlobalSection(ProjectConfigurationPlatforms) = postSolution
		{41E9D4AD-D53A-4DED-B598-57FD04783391}.Debug|Any CPU.ActiveCfg = Debug|Any CPU
		{41E9D4AD-D53A-4DED-B598-57FD04783391}.Debug|Any CPU.Build.0 = Debug|Any CPU
		{41E9D4AD-D53A-4DED-B598-57FD04783391}.Debug|x64.ActiveCfg = Debug|Any CPU
		{41E9D4AD-D53A-4DED-B598-57FD04783391}.Debug|x64.Build.0 = Debug|Any CPU
		{41E9D4AD-D53A-4DED-B598-57FD04783391}.Debug|x86.ActiveCfg = Debug|Any CPU
		{41E9D4AD-D53A-4DED-B598-57FD04783391}.Debug|x86.Build.0 = Debug|Any CPU
		{41E9D4AD-D53A-4DED-B598-57FD04783391}.Release|Any CPU.ActiveCfg = Release|Any CPU
		{41E9D4AD-D53A-4DED-B598-57FD04783391}.Release|Any CPU.Build.0 = Release|Any CPU
		{41E9D4AD-D53A-4DED-B598-57FD04783391}.Release|x64.ActiveCfg = Release|Any CPU
		{41E9D4AD-D53A-4DED-B598-57FD04783391}.Release|x64.Build.0 = Release|Any CPU
		{41E9D4AD-D53A-4DED-B598-57FD04783391}.Release|x86.ActiveCfg = Release|Any CPU
		{41E9D4AD-D53A-4DED-B598-57FD04783391}.Release|x86.Build.0 = Release|Any CPU
		{7F302956-63DA-4354-AF1F-065244CC8ED7}.Debug|Any CPU.ActiveCfg = Debug|Any CPU
		{7F302956-63DA-4354-AF1F-065244CC8ED7}.Debug|Any CPU.Build.0 = Debug|Any CPU
		{7F302956-63DA-4354-AF1F-065244CC8ED7}.Debug|x64.ActiveCfg = Debug|Any CPU
		{7F302956-63DA-4354-AF1F-065244CC8ED7}.Debug|x64.Build.0 = Debug|Any CPU
		{7F302956-63DA-4354-AF1F-065244CC8ED7}.Debug|x86.ActiveCfg = Debug|Any CPU
		{7F302956-63DA-4354-AF1F-065244CC8ED7}.Debug|x86.Build.0 = Debug|Any CPU
		{7F302956-63DA-4354-AF1F-065244CC8ED7}.Release|Any CPU.ActiveCfg = Release|Any CPU
		{7F302956-63DA-4354-AF1F-065244CC8ED7}.Release|Any CPU.Build.0 = Release|Any CPU
		{7F302956-63DA-4354-AF1F-065244CC8ED7}.Release|x64.ActiveCfg = Release|Any CPU
		{7F302956-63DA-4354-AF1F-065244CC8ED7}.Release|x64.Build.0 = Release|Any CPU
		{7F302956-63DA-4354-AF1F-065244CC8ED7}.Release|x86.ActiveCfg = Release|Any CPU
		{7F302956-63DA-4354-AF1F-065244CC8ED7}.Release|x86.Build.0 = Release|Any CPU
	EndGlobalSection
	GlobalSection(SolutionProperties) = preSolution
		HideSolutionNode = FALSE
	EndGlobalSection
EndGlobal
