
Microsoft Visual Studio Solution File, Format Version 12.00
# Visual Studio Version 17
VisualStudioVersion = 17.0.31903.59
MinimumVisualStudioVersion = 10.0.40219.1
Project("{F2A71F9B-5D33-465A-A702-920D77279786}") = "PhoneBook", "PhoneBook\PhoneBook.fsproj", "{B549FF8E-589B-44B9-A357-84EF1630ECD9}"
EndProject
Project("{F2A71F9B-5D33-465A-A702-920D77279786}") = "PhoneBook.Tests", "PhoneBook.Tests\PhoneBook.Tests.fsproj", "{3151C387-ABD2-4D37-BD55-B675B05E5DCB}"
EndProject
Global
	GlobalSection(SolutionConfigurationPlatforms) = preSolution
		Debug|Any CPU = Debug|Any CPU
		Debug|x64 = Debug|x64
		Debug|x86 = Debug|x86
		Release|Any CPU = Release|Any CPU
		Release|x64 = Release|x64
		Release|x86 = Release|x86
	EndGlobalSection
	GlobalSection(ProjectConfigurationPlatforms) = postSolution
		{B549FF8E-589B-44B9-A357-84EF1630ECD9}.Debug|Any CPU.ActiveCfg = Debug|Any CPU
		{B549FF8E-589B-44B9-A357-84EF1630ECD9}.Debug|Any CPU.Build.0 = Debug|Any CPU
		{B549FF8E-589B-44B9-A357-84EF1630ECD9}.Debug|x64.ActiveCfg = Debug|Any CPU
		{B549FF8E-589B-44B9-A357-84EF1630ECD9}.Debug|x64.Build.0 = Debug|Any CPU
		{B549FF8E-589B-44B9-A357-84EF1630ECD9}.Debug|x86.ActiveCfg = Debug|Any CPU
		{B549FF8E-589B-44B9-A357-84EF1630ECD9}.Debug|x86.Build.0 = Debug|Any CPU
		{B549FF8E-589B-44B9-A357-84EF1630ECD9}.Release|Any CPU.ActiveCfg = Release|Any CPU
		{B549FF8E-589B-44B9-A357-84EF1630ECD9}.Release|Any CPU.Build.0 = Release|Any CPU
		{B549FF8E-589B-44B9-A357-84EF1630ECD9}.Release|x64.ActiveCfg = Release|Any CPU
		{B549FF8E-589B-44B9-A357-84EF1630ECD9}.Release|x64.Build.0 = Release|Any CPU
		{B549FF8E-589B-44B9-A357-84EF1630ECD9}.Release|x86.ActiveCfg = Release|Any CPU
		{B549FF8E-589B-44B9-A357-84EF1630ECD9}.Release|x86.Build.0 = Release|Any CPU
		{3151C387-ABD2-4D37-BD55-B675B05E5DCB}.Debug|Any CPU.ActiveCfg = Debug|Any CPU
		{3151C387-ABD2-4D37-BD55-B675B05E5DCB}.Debug|Any CPU.Build.0 = Debug|Any CPU
		{3151C387-ABD2-4D37-BD55-B675B05E5DCB}.Debug|x64.ActiveCfg = Debug|Any CPU
		{3151C387-ABD2-4D37-BD55-B675B05E5DCB}.Debug|x64.Build.0 = Debug|Any CPU
		{3151C387-ABD2-4D37-BD55-B675B05E5DCB}.Debug|x86.ActiveCfg = Debug|Any CPU
		{3151C387-ABD2-4D37-BD55-B675B05E5DCB}.Debug|x86.Build.0 = Debug|Any CPU
		{3151C387-ABD2-4D37-BD55-B675B05E5DCB}.Release|Any CPU.ActiveCfg = Release|Any CPU
		{3151C387-ABD2-4D37-BD55-B675B05E5DCB}.Release|Any CPU.Build.0 = Release|Any CPU
		{3151C387-ABD2-4D37-BD55-B675B05E5DCB}.Release|x64.ActiveCfg = Release|Any CPU
		{3151C387-ABD2-4D37-BD55-B675B05E5DCB}.Release|x64.Build.0 = Release|Any CPU
		{3151C387-ABD2-4D37-BD55-B675B05E5DCB}.Release|x86.ActiveCfg = Release|Any CPU
		{3151C387-ABD2-4D37-BD55-B675B05E5DCB}.Release|x86.Build.0 = Release|Any CPU
	EndGlobalSection
	GlobalSection(SolutionProperties) = preSolution
		HideSolutionNode = FALSE
	EndGlobalSection
EndGlobal
