
Microsoft Visual Studio Solution File, Format Version 12.00
# Visual Studio Version 17
VisualStudioVersion = 17.0.31903.59
MinimumVisualStudioVersion = 10.0.40219.1
Project("{F2A71F9B-5D33-465A-A702-920D77279786}") = "Factorial", "Factorial\Factorial.fsproj", "{CE97121A-467C-41C4-A9F4-87F8BA9E4C77}"
EndProject
Project("{F2A71F9B-5D33-465A-A702-920D77279786}") = "Factorial.Tests", "Factorial.Tests\Factorial.Tests.fsproj", "{EE104961-65CE-43CE-8419-65E0A705DCD8}"
EndProject
Global
	GlobalSection(SolutionConfigurationPlatforms) = preSolution
		Debug|Any CPU = Debug|Any CPU
		Debug|x64 = Debug|x64
		Debug|x86 = Debug|x86
		Release|Any CPU = Release|Any CPU
		Release|x64 = Release|x64
		Release|x86 = Release|x86
	EndGlobalSection
	GlobalSection(ProjectConfigurationPlatforms) = postSolution
		{CE97121A-467C-41C4-A9F4-87F8BA9E4C77}.Debug|Any CPU.ActiveCfg = Debug|Any CPU
		{CE97121A-467C-41C4-A9F4-87F8BA9E4C77}.Debug|Any CPU.Build.0 = Debug|Any CPU
		{CE97121A-467C-41C4-A9F4-87F8BA9E4C77}.Debug|x64.ActiveCfg = Debug|Any CPU
		{CE97121A-467C-41C4-A9F4-87F8BA9E4C77}.Debug|x64.Build.0 = Debug|Any CPU
		{CE97121A-467C-41C4-A9F4-87F8BA9E4C77}.Debug|x86.ActiveCfg = Debug|Any CPU
		{CE97121A-467C-41C4-A9F4-87F8BA9E4C77}.Debug|x86.Build.0 = Debug|Any CPU
		{CE97121A-467C-41C4-A9F4-87F8BA9E4C77}.Release|Any CPU.ActiveCfg = Release|Any CPU
		{CE97121A-467C-41C4-A9F4-87F8BA9E4C77}.Release|Any CPU.Build.0 = Release|Any CPU
		{CE97121A-467C-41C4-A9F4-87F8BA9E4C77}.Release|x64.ActiveCfg = Release|Any CPU
		{CE97121A-467C-41C4-A9F4-87F8BA9E4C77}.Release|x64.Build.0 = Release|Any CPU
		{CE97121A-467C-41C4-A9F4-87F8BA9E4C77}.Release|x86.ActiveCfg = Release|Any CPU
		{CE97121A-467C-41C4-A9F4-87F8BA9E4C77}.Release|x86.Build.0 = Release|Any CPU
		{EE104961-65CE-43CE-8419-65E0A705DCD8}.Debug|Any CPU.ActiveCfg = Debug|Any CPU
		{EE104961-65CE-43CE-8419-65E0A705DCD8}.Debug|Any CPU.Build.0 = Debug|Any CPU
		{EE104961-65CE-43CE-8419-65E0A705DCD8}.Debug|x64.ActiveCfg = Debug|Any CPU
		{EE104961-65CE-43CE-8419-65E0A705DCD8}.Debug|x64.Build.0 = Debug|Any CPU
		{EE104961-65CE-43CE-8419-65E0A705DCD8}.Debug|x86.ActiveCfg = Debug|Any CPU
		{EE104961-65CE-43CE-8419-65E0A705DCD8}.Debug|x86.Build.0 = Debug|Any CPU
		{EE104961-65CE-43CE-8419-65E0A705DCD8}.Release|Any CPU.ActiveCfg = Release|Any CPU
		{EE104961-65CE-43CE-8419-65E0A705DCD8}.Release|Any CPU.Build.0 = Release|Any CPU
		{EE104961-65CE-43CE-8419-65E0A705DCD8}.Release|x64.ActiveCfg = Release|Any CPU
		{EE104961-65CE-43CE-8419-65E0A705DCD8}.Release|x64.Build.0 = Release|Any CPU
		{EE104961-65CE-43CE-8419-65E0A705DCD8}.Release|x86.ActiveCfg = Release|Any CPU
		{EE104961-65CE-43CE-8419-65E0A705DCD8}.Release|x86.Build.0 = Release|Any CPU
	EndGlobalSection
	GlobalSection(SolutionProperties) = preSolution
		HideSolutionNode = FALSE
	EndGlobalSection
EndGlobal
